
Microsoft Visual Studio Solution File, Format Version 12.00
# Visual Studio 2012
Project("{FAE04EC0-301F-11D3-BF4B-00C04F79EFBC}") = "WPF-License-Manager", "WPF-License-Manager\WPF-License-Manager.csproj", "{0A01F3CE-CF3B-41D8-A14A-AF01AAF47AEF}"
EndProject
Project("{FAE04EC0-301F-11D3-BF4B-00C04F79EFBC}") = "ClientSample", "ClientSample\ClientSample.csproj", "{BFF2D590-71A9-4BFD-BF1D-B6764F2DD584}"
EndProject
Global
	GlobalSection(SolutionConfigurationPlatforms) = preSolution
		Debug|Any CPU = Debug|Any CPU
		Release|Any CPU = Release|Any CPU
	EndGlobalSection
	GlobalSection(ProjectConfigurationPlatforms) = postSolution
		{0A01F3CE-CF3B-41D8-A14A-AF01AAF47AEF}.Debug|Any CPU.ActiveCfg = Debug|Any CPU
		{0A01F3CE-CF3B-41D8-A14A-AF01AAF47AEF}.Debug|Any CPU.Build.0 = Debug|Any CPU
		{0A01F3CE-CF3B-41D8-A14A-AF01AAF47AEF}.Release|Any CPU.ActiveCfg = Release|Any CPU
		{0A01F3CE-CF3B-41D8-A14A-AF01AAF47AEF}.Release|Any CPU.Build.0 = Release|Any CPU
		{BFF2D590-71A9-4BFD-BF1D-B6764F2DD584}.Debug|Any CPU.ActiveCfg = Debug|Any CPU
		{BFF2D590-71A9-4BFD-BF1D-B6764F2DD584}.Debug|Any CPU.Build.0 = Debug|Any CPU
		{BFF2D590-71A9-4BFD-BF1D-B6764F2DD584}.Release|Any CPU.ActiveCfg = Release|Any CPU
		{BFF2D590-71A9-4BFD-BF1D-B6764F2DD584}.Release|Any CPU.Build.0 = Release|Any CPU
	EndGlobalSection
	GlobalSection(SolutionProperties) = preSolution
		HideSolutionNode = FALSE
	EndGlobalSection
EndGlobal
